
Microsoft Visual Studio Solution File, Format Version 12.00
# Visual Studio Version 17
VisualStudioVersion = 17.1.32319.34
MinimumVisualStudioVersion = 10.0.40219.1
Project("{9A19103F-16F7-4668-BE54-9A1E7A4F7556}") = "MySchool.Api", "MySchool.Api\MySchool.Api.csproj", "{19F87B3C-752C-4531-858A-B39786F2A7FD}"
EndProject
Project("{9A19103F-16F7-4668-BE54-9A1E7A4F7556}") = "MySchool.Command", "MySchool.Command\MySchool.Command.csproj", "{9243DF9F-425A-44AD-8891-17032B285C54}"
EndProject
Project("{9A19103F-16F7-4668-BE54-9A1E7A4F7556}") = "MySchool.Common", "MySchool.Common\MySchool.Common.csproj", "{C582845A-49A4-4FC0-AD8F-E17566D62581}"
EndProject
Project("{9A19103F-16F7-4668-BE54-9A1E7A4F7556}") = "MySchool.Domain", "MySchool.Domain\MySchool.Domain.csproj", "{7F60AF1D-3745-403C-821D-200713984A6B}"
EndProject
Project("{9A19103F-16F7-4668-BE54-9A1E7A4F7556}") = "MySchool.Infraestruture", "MySchool.Infraestruture\MySchool.Infraestruture.csproj", "{C8B120C1-24EF-4839-B2B8-757CB1C603ED}"
EndProject
Global
	GlobalSection(SolutionConfigurationPlatforms) = preSolution
		Debug|Any CPU = Debug|Any CPU
		Release|Any CPU = Release|Any CPU
	EndGlobalSection
	GlobalSection(ProjectConfigurationPlatforms) = postSolution
		{19F87B3C-752C-4531-858A-B39786F2A7FD}.Debug|Any CPU.ActiveCfg = Debug|Any CPU
		{19F87B3C-752C-4531-858A-B39786F2A7FD}.Debug|Any CPU.Build.0 = Debug|Any CPU
		{19F87B3C-752C-4531-858A-B39786F2A7FD}.Release|Any CPU.ActiveCfg = Release|Any CPU
		{19F87B3C-752C-4531-858A-B39786F2A7FD}.Release|Any CPU.Build.0 = Release|Any CPU
		{9243DF9F-425A-44AD-8891-17032B285C54}.Debug|Any CPU.ActiveCfg = Debug|Any CPU
		{9243DF9F-425A-44AD-8891-17032B285C54}.Debug|Any CPU.Build.0 = Debug|Any CPU
		{9243DF9F-425A-44AD-8891-17032B285C54}.Release|Any CPU.ActiveCfg = Release|Any CPU
		{9243DF9F-425A-44AD-8891-17032B285C54}.Release|Any CPU.Build.0 = Release|Any CPU
		{C582845A-49A4-4FC0-AD8F-E17566D62581}.Debug|Any CPU.ActiveCfg = Debug|Any CPU
		{C582845A-49A4-4FC0-AD8F-E17566D62581}.Debug|Any CPU.Build.0 = Debug|Any CPU
		{C582845A-49A4-4FC0-AD8F-E17566D62581}.Release|Any CPU.ActiveCfg = Release|Any CPU
		{C582845A-49A4-4FC0-AD8F-E17566D62581}.Release|Any CPU.Build.0 = Release|Any CPU
		{7F60AF1D-3745-403C-821D-200713984A6B}.Debug|Any CPU.ActiveCfg = Debug|Any CPU
		{7F60AF1D-3745-403C-821D-200713984A6B}.Debug|Any CPU.Build.0 = Debug|Any CPU
		{7F60AF1D-3745-403C-821D-200713984A6B}.Release|Any CPU.ActiveCfg = Release|Any CPU
		{7F60AF1D-3745-403C-821D-200713984A6B}.Release|Any CPU.Build.0 = Release|Any CPU
		{C8B120C1-24EF-4839-B2B8-757CB1C603ED}.Debug|Any CPU.ActiveCfg = Debug|Any CPU
		{C8B120C1-24EF-4839-B2B8-757CB1C603ED}.Debug|Any CPU.Build.0 = Debug|Any CPU
		{C8B120C1-24EF-4839-B2B8-757CB1C603ED}.Release|Any CPU.ActiveCfg = Release|Any CPU
		{C8B120C1-24EF-4839-B2B8-757CB1C603ED}.Release|Any CPU.Build.0 = Release|Any CPU
	EndGlobalSection
	GlobalSection(SolutionProperties) = preSolution
		HideSolutionNode = FALSE
	EndGlobalSection
	GlobalSection(ExtensibilityGlobals) = postSolution
		SolutionGuid = {74CA0A86-3236-46C2-88E6-828856CD044F}
	EndGlobalSection
EndGlobal
